
Microsoft Visual Studio Solution File, Format Version 10.00
# Visual Studio 2008
Project("{8BC9CEB8-8B4A-11D0-8D11-00A0C91BC942}") = "Soui3SysResLoader", "Soui3SysResLoader\Soui3SysResLoader.vcproj", "{0D83A90A-9C77-466E-978D-05DD94190D13}"
EndProject
Project("{8BC9CEB8-8B4A-11D0-8D11-00A0C91BC942}") = "soui3", "..\soui3.git\SOUI\soui3.vcproj", "{50C47181-7403-371E-85A8-E0B35D34D37A}"
EndProject
Global
	GlobalSection(SolutionConfigurationPlatforms) = preSolution
		Debug|Win32 = Debug|Win32
		Release|Win32 = Release|Win32
	EndGlobalSection
	GlobalSection(ProjectConfigurationPlatforms) = postSolution
		{0D83A90A-9C77-466E-978D-05DD94190D13}.Debug|Win32.ActiveCfg = Debug|Win32
		{0D83A90A-9C77-466E-978D-05DD94190D13}.Debug|Win32.Build.0 = Debug|Win32
		{0D83A90A-9C77-466E-978D-05DD94190D13}.Release|Win32.ActiveCfg = Release|Win32
		{0D83A90A-9C77-466E-978D-05DD94190D13}.Release|Win32.Build.0 = Release|Win32
		{50C47181-7403-371E-85A8-E0B35D34D37A}.Debug|Win32.ActiveCfg = Debug|Win32
		{50C47181-7403-371E-85A8-E0B35D34D37A}.Debug|Win32.Build.0 = Debug|Win32
		{50C47181-7403-371E-85A8-E0B35D34D37A}.Release|Win32.ActiveCfg = Release|Win32
		{50C47181-7403-371E-85A8-E0B35D34D37A}.Release|Win32.Build.0 = Release|Win32
	EndGlobalSection
	GlobalSection(SolutionProperties) = preSolution
		HideSolutionNode = FALSE
	EndGlobalSection
EndGlobal
